
Microsoft Visual Studio Solution File, Format Version 12.00
# Visual Studio Version 17
VisualStudioVersion = 17.5.002.0
MinimumVisualStudioVersion = 10.0.40219.1
Project("{2150E333-8FDC-42A3-9474-1A3956D46DE8}") = "lessons", "lessons", "{56D37D7A-38FE-4D8C-90B6-92C8E848D5CE}"
EndProject
Project("{2150E333-8FDC-42A3-9474-1A3956D46DE8}") = "202", "202", "{36053A30-EDC5-4C04-A2C0-C7F9247AE53A}"
EndProject
Project("{9A19103F-16F7-4668-BE54-9A1E7A4F7556}") = "cs-app", "cs-app\cs-app.csproj", "{4B5C2757-5E3E-4A50-A929-E26742CB464A}"
EndProject
Global
	GlobalSection(SolutionConfigurationPlatforms) = preSolution
		Debug|Any CPU = Debug|Any CPU
		Release|Any CPU = Release|Any CPU
	EndGlobalSection
	GlobalSection(ProjectConfigurationPlatforms) = postSolution
		{4B5C2757-5E3E-4A50-A929-E26742CB464A}.Debug|Any CPU.ActiveCfg = Debug|Any CPU
		{4B5C2757-5E3E-4A50-A929-E26742CB464A}.Debug|Any CPU.Build.0 = Debug|Any CPU
		{4B5C2757-5E3E-4A50-A929-E26742CB464A}.Release|Any CPU.ActiveCfg = Release|Any CPU
		{4B5C2757-5E3E-4A50-A929-E26742CB464A}.Release|Any CPU.Build.0 = Release|Any CPU
	EndGlobalSection
	GlobalSection(SolutionProperties) = preSolution
		HideSolutionNode = FALSE
	EndGlobalSection
	GlobalSection(NestedProjects) = preSolution
		{36053A30-EDC5-4C04-A2C0-C7F9247AE53A} = {56D37D7A-38FE-4D8C-90B6-92C8E848D5CE}
		{4B5C2757-5E3E-4A50-A929-E26742CB464A} = {36053A30-EDC5-4C04-A2C0-C7F9247AE53A}
	EndGlobalSection
	GlobalSection(ExtensibilityGlobals) = postSolution
		SolutionGuid = {4315C56D-79E0-4BB2-AA45-FE0D735BD0F7}
	EndGlobalSection
EndGlobal
