GEM
  remote: https://rubygems.org/
  specs:
    base64 (0.3.0)
    pg (1.6.2)
    pg (1.6.2-aarch64-linux)
    pg (1.6.2-aarch64-linux-musl)
    pg (1.6.2-arm64-darwin)
    pg (1.6.2-x86_64-darwin)
    pg (1.6.2-x86_64-linux)
    pg (1.6.2-x86_64-linux-musl)
    prometheus-client (4.2.5)
      base64
    rack (3.2.4)
    yaml (0.4.0)

PLATFORMS
  aarch64-linux
  aarch64-linux-musl
  arm64-darwin
  ruby
  x86_64-darwin
  x86_64-linux
  x86_64-linux-musl

DEPENDENCIES
  pg
  prometheus-client
  rack
  yaml

BUNDLED WITH
   2.7.2
