Microsoft Visual Studio Solution File, Format Version 12.00
# Visual Studio Version 17
VisualStudioVersion = 17.5.2.0
MinimumVisualStudioVersion = 10.0.40219.1
Project("{FAE04EC0-301F-11D3-BF4B-00C04F79EFBC}") = "cs-app-aot", "cs-app-aot.csproj", "{B6D6BF87-FBDF-D2DA-F801-8720BFA020C6}"
EndProject
Global
	GlobalSection(SolutionConfigurationPlatforms) = preSolution
		Debug|Any CPU = Debug|Any CPU
		Release|Any CPU = Release|Any CPU
	EndGlobalSection
	GlobalSection(ProjectConfigurationPlatforms) = postSolution
		{B6D6BF87-FBDF-D2DA-F801-8720BFA020C6}.Debug|Any CPU.ActiveCfg = Debug|Any CPU
		{B6D6BF87-FBDF-D2DA-F801-8720BFA020C6}.Debug|Any CPU.Build.0 = Debug|Any CPU
		{B6D6BF87-FBDF-D2DA-F801-8720BFA020C6}.Release|Any CPU.ActiveCfg = Release|Any CPU
		{B6D6BF87-FBDF-D2DA-F801-8720BFA020C6}.Release|Any CPU.Build.0 = Release|Any CPU
	EndGlobalSection
	GlobalSection(SolutionProperties) = preSolution
		HideSolutionNode = FALSE
	EndGlobalSection
	GlobalSection(ExtensibilityGlobals) = postSolution
		SolutionGuid = {0CBA062B-3E0D-492F-B095-77B63923E4CD}
	EndGlobalSection
EndGlobal
