{
  "name": "hello-app",
  "version": "1.0.0",
  "lockfileVersion": 2,
  "requires": true,
  "packages": {
    "": {
      "version": "1.0.0",
      "license": "ISC",
      "dependencies": {
        "faker": "^5.4.0"
      }
    },
    "node_modules/faker": {
      "version": "5.4.0",
      "resolved": "https://registry.npmjs.org/faker/-/faker-5.4.0.tgz",
      "integrity": "sha512-Y9n/Ky/xZx/Bj8DePvXspUYRtHl/rGQytoIT5LaxmNwSe3wWyOeOXb3lT6Dpipq240PVpeFaGKzScz/5fvff2g=="
    }
  },
  "dependencies": {
    "faker": {
      "version": "5.4.0",
      "resolved": "https://registry.npmjs.org/faker/-/faker-5.4.0.tgz",
      "integrity": "sha512-Y9n/Ky/xZx/Bj8DePvXspUYRtHl/rGQytoIT5LaxmNwSe3wWyOeOXb3lT6Dpipq240PVpeFaGKzScz/5fvff2g=="
    }
  }
}
