{
  "version": "4",
  "specifiers": {
    "jsr:@std/assert@1": "1.0.11",
    "jsr:@std/internal@^1.0.5": "1.0.5",
    "npm:@aws-sdk/client-s3@*": "3.740.0",
    "npm:js-yaml@^4.1.0": "4.1.0",
    "npm:postgres@^3.4.5": "3.4.5",
    "npm:prom-client@^15.1.3": "15.1.3"
  },
  "jsr": {
    "@std/assert@1.0.11": {
      "integrity": "2461ef3c368fe88bc60e186e7744a93112f16fd110022e113a0849e94d1c83c1",
      "dependencies": [
        "jsr:@std/internal"
      ]
    },
    "@std/internal@1.0.5": {
      "integrity": "54a546004f769c1ac9e025abd15a76b6671ddc9687e2313b67376125650dc7ba"
    }
  },
  "npm": {
    "@aws-crypto/crc32@5.2.0": {
      "integrity": "sha512-nLbCWqQNgUiwwtFsen1AdzAtvuLRsQS8rYgMuxCrdKf9kOssamGLuPwyTY9wyYblNr9+1XM8v6zoDTPPSIeANg==",
      "dependencies": [
        "@aws-crypto/util",
        "@aws-sdk/types",
        "tslib"
      ]
    },
    "@aws-crypto/crc32c@5.2.0": {
      "integrity": "sha512-+iWb8qaHLYKrNvGRbiYRHSdKRWhto5XlZUEBwDjYNf+ly5SVYG6zEoYIdxvf5R3zyeP16w4PLBn3rH1xc74Rag==",
      "dependencies": [
        "@aws-crypto/util",
        "@aws-sdk/types",
        "tslib"
      ]
    },
    "@aws-crypto/sha1-browser@5.2.0": {
      "integrity": "sha512-OH6lveCFfcDjX4dbAvCFSYUjJZjDr/3XJ3xHtjn3Oj5b9RjojQo8npoLeA/bNwkOkrSQ0wgrHzXk4tDRxGKJeg==",
      "dependencies": [
        "@aws-crypto/supports-web-crypto",
        "@aws-crypto/util",
        "@aws-sdk/types",
        "@aws-sdk/util-locate-window",
        "@smithy/util-utf8@2.3.0",
        "tslib"
      ]
    },
    "@aws-crypto/sha256-browser@5.2.0": {
      "integrity": "sha512-AXfN/lGotSQwu6HNcEsIASo7kWXZ5HYWvfOmSNKDsEqC4OashTp8alTmaz+F7TC2L083SFv5RdB+qU3Vs1kZqw==",
      "dependencies": [
        "@aws-crypto/sha256-js",
        "@aws-crypto/supports-web-crypto",
        "@aws-crypto/util",
        "@aws-sdk/types",
        "@aws-sdk/util-locate-window",
        "@smithy/util-utf8@2.3.0",
        "tslib"
      ]
    },
    "@aws-crypto/sha256-js@5.2.0": {
      "integrity": "sha512-FFQQyu7edu4ufvIZ+OadFpHHOt+eSTBaYaki44c+akjg7qZg9oOQeLlk77F6tSYqjDAFClrHJk9tMf0HdVyOvA==",
      "dependencies": [
        "@aws-crypto/util",
        "@aws-sdk/types",
        "tslib"
      ]
    },
    "@aws-crypto/supports-web-crypto@5.2.0": {
      "integrity": "sha512-iAvUotm021kM33eCdNfwIN//F77/IADDSs58i+MDaOqFrVjZo9bAal0NK7HurRuWLLpF1iLX7gbWrjHjeo+YFg==",
      "dependencies": [
        "tslib"
      ]
    },
    "@aws-crypto/util@5.2.0": {
      "integrity": "sha512-4RkU9EsI6ZpBve5fseQlGNUWKMa1RLPQ1dnjnQoe07ldfIzcsGb5hC5W0Dm7u423KWzawlrpbjXBrXCEv9zazQ==",
      "dependencies": [
        "@aws-sdk/types",
        "@smithy/util-utf8@2.3.0",
        "tslib"
      ]
    },
    "@aws-sdk/client-s3@3.740.0": {
      "integrity": "sha512-X9aQOFJC3TsYwQP3AGcNhfYcFehVEHRKCHtHYOIKv5t1ydSJxpN/v34OrMMKvG1jFWMNkSYiSCVB9ZVo9KUwVA==",
      "dependencies": [
        "@aws-crypto/sha1-browser",
        "@aws-crypto/sha256-browser",
        "@aws-crypto/sha256-js",
        "@aws-sdk/core",
        "@aws-sdk/credential-provider-node",
        "@aws-sdk/middleware-bucket-endpoint",
        "@aws-sdk/middleware-expect-continue",
        "@aws-sdk/middleware-flexible-checksums",
        "@aws-sdk/middleware-host-header",
        "@aws-sdk/middleware-location-constraint",
        "@aws-sdk/middleware-logger",
        "@aws-sdk/middleware-recursion-detection",
        "@aws-sdk/middleware-sdk-s3",
        "@aws-sdk/middleware-ssec",
        "@aws-sdk/middleware-user-agent",
        "@aws-sdk/region-config-resolver",
        "@aws-sdk/signature-v4-multi-region",
        "@aws-sdk/types",
        "@aws-sdk/util-endpoints",
        "@aws-sdk/util-user-agent-browser",
        "@aws-sdk/util-user-agent-node",
        "@aws-sdk/xml-builder",
        "@smithy/config-resolver",
        "@smithy/core",
        "@smithy/eventstream-serde-browser",
        "@smithy/eventstream-serde-config-resolver",
        "@smithy/eventstream-serde-node",
        "@smithy/fetch-http-handler",
        "@smithy/hash-blob-browser",
        "@smithy/hash-node",
        "@smithy/hash-stream-node",
        "@smithy/invalid-dependency",
        "@smithy/md5-js",
        "@smithy/middleware-content-length",
        "@smithy/middleware-endpoint",
        "@smithy/middleware-retry",
        "@smithy/middleware-serde",
        "@smithy/middleware-stack",
        "@smithy/node-config-provider",
        "@smithy/node-http-handler",
        "@smithy/protocol-http",
        "@smithy/smithy-client",
        "@smithy/types",
        "@smithy/url-parser",
        "@smithy/util-base64",
        "@smithy/util-body-length-browser",
        "@smithy/util-body-length-node",
        "@smithy/util-defaults-mode-browser",
        "@smithy/util-defaults-mode-node",
        "@smithy/util-endpoints",
        "@smithy/util-middleware",
        "@smithy/util-retry",
        "@smithy/util-stream",
        "@smithy/util-utf8@4.0.0",
        "@smithy/util-waiter",
        "tslib"
      ]
    },
    "@aws-sdk/client-sso@3.734.0": {
      "integrity": "sha512-oerepp0mut9VlgTwnG5Ds/lb0C0b2/rQ+hL/rF6q+HGKPfGsCuPvFx1GtwGKCXd49ase88/jVgrhcA9OQbz3kg==",
      "dependencies": [
        "@aws-crypto/sha256-browser",
        "@aws-crypto/sha256-js",
        "@aws-sdk/core",
        "@aws-sdk/middleware-host-header",
        "@aws-sdk/middleware-logger",
        "@aws-sdk/middleware-recursion-detection",
        "@aws-sdk/middleware-user-agent",
        "@aws-sdk/region-config-resolver",
        "@aws-sdk/types",
        "@aws-sdk/util-endpoints",
        "@aws-sdk/util-user-agent-browser",
        "@aws-sdk/util-user-agent-node",
        "@smithy/config-resolver",
        "@smithy/core",
        "@smithy/fetch-http-handler",
        "@smithy/hash-node",
        "@smithy/invalid-dependency",
        "@smithy/middleware-content-length",
        "@smithy/middleware-endpoint",
        "@smithy/middleware-retry",
        "@smithy/middleware-serde",
        "@smithy/middleware-stack",
        "@smithy/node-config-provider",
        "@smithy/node-http-handler",
        "@smithy/protocol-http",
        "@smithy/smithy-client",
        "@smithy/types",
        "@smithy/url-parser",
        "@smithy/util-base64",
        "@smithy/util-body-length-browser",
        "@smithy/util-body-length-node",
        "@smithy/util-defaults-mode-browser",
        "@smithy/util-defaults-mode-node",
        "@smithy/util-endpoints",
        "@smithy/util-middleware",
        "@smithy/util-retry",
        "@smithy/util-utf8@4.0.0",
        "tslib"
      ]
    },
    "@aws-sdk/core@3.734.0": {
      "integrity": "sha512-SxnDqf3vobdm50OLyAKfqZetv6zzwnSqwIwd3jrbopxxHKqNIM/I0xcYjD6Tn+mPig+u7iRKb9q3QnEooFTlmg==",
      "dependencies": [
        "@aws-sdk/types",
        "@smithy/core",
        "@smithy/node-config-provider",
        "@smithy/property-provider",
        "@smithy/protocol-http",
        "@smithy/signature-v4",
        "@smithy/smithy-client",
        "@smithy/types",
        "@smithy/util-middleware",
        "fast-xml-parser",
        "tslib"
      ]
    },
    "@aws-sdk/credential-provider-env@3.734.0": {
      "integrity": "sha512-gtRkzYTGafnm1FPpiNO8VBmJrYMoxhDlGPYDVcijzx3DlF8dhWnowuSBCxLSi+MJMx5hvwrX2A+e/q0QAeHqmw==",
      "dependencies": [
        "@aws-sdk/core",
        "@aws-sdk/types",
        "@smithy/property-provider",
        "@smithy/types",
        "tslib"
      ]
    },
    "@aws-sdk/credential-provider-http@3.734.0": {
      "integrity": "sha512-JFSL6xhONsq+hKM8xroIPhM5/FOhiQ1cov0lZxhzZWj6Ai3UAjucy3zyIFDr9MgP1KfCYNdvyaUq9/o+HWvEDg==",
      "dependencies": [
        "@aws-sdk/core",
        "@aws-sdk/types",
        "@smithy/fetch-http-handler",
        "@smithy/node-http-handler",
        "@smithy/property-provider",
        "@smithy/protocol-http",
        "@smithy/smithy-client",
        "@smithy/types",
        "@smithy/util-stream",
        "tslib"
      ]
    },
    "@aws-sdk/credential-provider-ini@3.734.0": {
      "integrity": "sha512-HEyaM/hWI7dNmb4NhdlcDLcgJvrilk8G4DQX6qz0i4pBZGC2l4iffuqP8K6ZQjUfz5/6894PzeFuhTORAMd+cg==",
      "dependencies": [
        "@aws-sdk/core",
        "@aws-sdk/credential-provider-env",
        "@aws-sdk/credential-provider-http",
        "@aws-sdk/credential-provider-process",
        "@aws-sdk/credential-provider-sso",
        "@aws-sdk/credential-provider-web-identity",
        "@aws-sdk/nested-clients",
        "@aws-sdk/types",
        "@smithy/credential-provider-imds",
        "@smithy/property-provider",
        "@smithy/shared-ini-file-loader",
        "@smithy/types",
        "tslib"
      ]
    },
    "@aws-sdk/credential-provider-node@3.738.0": {
      "integrity": "sha512-3MuREsazwBxghKb2sQQHvie+uuK4dX4/ckFYiSoffzJQd0YHxaGxf8cr4NOSCQCUesWu8D3Y0SzlnHGboVSkpA==",
      "dependencies": [
        "@aws-sdk/credential-provider-env",
        "@aws-sdk/credential-provider-http",
        "@aws-sdk/credential-provider-ini",
        "@aws-sdk/credential-provider-process",
        "@aws-sdk/credential-provider-sso",
        "@aws-sdk/credential-provider-web-identity",
        "@aws-sdk/types",
        "@smithy/credential-provider-imds",
        "@smithy/property-provider",
        "@smithy/shared-ini-file-loader",
        "@smithy/types",
        "tslib"
      ]
    },
    "@aws-sdk/credential-provider-process@3.734.0": {
      "integrity": "sha512-zvjsUo+bkYn2vjT+EtLWu3eD6me+uun+Hws1IyWej/fKFAqiBPwyeyCgU7qjkiPQSXqk1U9+/HG9IQ6Iiz+eBw==",
      "dependencies": [
        "@aws-sdk/core",
        "@aws-sdk/types",
        "@smithy/property-provider",
        "@smithy/shared-ini-file-loader",
        "@smithy/types",
        "tslib"
      ]
    },
    "@aws-sdk/credential-provider-sso@3.734.0": {
      "integrity": "sha512-cCwwcgUBJOsV/ddyh1OGb4gKYWEaTeTsqaAK19hiNINfYV/DO9r4RMlnWAo84sSBfJuj9shUNsxzyoe6K7R92Q==",
      "dependencies": [
        "@aws-sdk/client-sso",
        "@aws-sdk/core",
        "@aws-sdk/token-providers",
        "@aws-sdk/types",
        "@smithy/property-provider",
        "@smithy/shared-ini-file-loader",
        "@smithy/types",
        "tslib"
      ]
    },
    "@aws-sdk/credential-provider-web-identity@3.734.0": {
      "integrity": "sha512-t4OSOerc+ppK541/Iyn1AS40+2vT/qE+MFMotFkhCgCJbApeRF2ozEdnDN6tGmnl4ybcUuxnp9JWLjwDVlR/4g==",
      "dependencies": [
        "@aws-sdk/core",
        "@aws-sdk/nested-clients",
        "@aws-sdk/types",
        "@smithy/property-provider",
        "@smithy/types",
        "tslib"
      ]
    },
    "@aws-sdk/middleware-bucket-endpoint@3.734.0": {
      "integrity": "sha512-etC7G18aF7KdZguW27GE/wpbrNmYLVT755EsFc8kXpZj8D6AFKxc7OuveinJmiy0bYXAMspJUWsF6CrGpOw6CQ==",
      "dependencies": [
        "@aws-sdk/types",
        "@aws-sdk/util-arn-parser",
        "@smithy/node-config-provider",
        "@smithy/protocol-http",
        "@smithy/types",
        "@smithy/util-config-provider",
        "tslib"
      ]
    },
    "@aws-sdk/middleware-expect-continue@3.734.0": {
      "integrity": "sha512-P38/v1l6HjuB2aFUewt7ueAW5IvKkFcv5dalPtbMGRhLeyivBOHwbCyuRKgVs7z7ClTpu9EaViEGki2jEQqEsQ==",
      "dependencies": [
        "@aws-sdk/types",
        "@smithy/protocol-http",
        "@smithy/types",
        "tslib"
      ]
    },
    "@aws-sdk/middleware-flexible-checksums@3.735.0": {
      "integrity": "sha512-Tx7lYTPwQFRe/wQEHMR6Drh/S+X0ToAEq1Ava9QyxV1riwtepzRLojpNDELFb3YQVVYbX7FEiBMCJLMkmIIY+A==",
      "dependencies": [
        "@aws-crypto/crc32",
        "@aws-crypto/crc32c",
        "@aws-crypto/util",
        "@aws-sdk/core",
        "@aws-sdk/types",
        "@smithy/is-array-buffer@4.0.0",
        "@smithy/node-config-provider",
        "@smithy/protocol-http",
        "@smithy/types",
        "@smithy/util-middleware",
        "@smithy/util-stream",
        "@smithy/util-utf8@4.0.0",
        "tslib"
      ]
    },
    "@aws-sdk/middleware-host-header@3.734.0": {
      "integrity": "sha512-LW7RRgSOHHBzWZnigNsDIzu3AiwtjeI2X66v+Wn1P1u+eXssy1+up4ZY/h+t2sU4LU36UvEf+jrZti9c6vRnFw==",
      "dependencies": [
        "@aws-sdk/types",
        "@smithy/protocol-http",
        "@smithy/types",
        "tslib"
      ]
    },
    "@aws-sdk/middleware-location-constraint@3.734.0": {
      "integrity": "sha512-EJEIXwCQhto/cBfHdm3ZOeLxd2NlJD+X2F+ZTOxzokuhBtY0IONfC/91hOo5tWQweerojwshSMHRCKzRv1tlwg==",
      "dependencies": [
        "@aws-sdk/types",
        "@smithy/types",
        "tslib"
      ]
    },
    "@aws-sdk/middleware-logger@3.734.0": {
      "integrity": "sha512-mUMFITpJUW3LcKvFok176eI5zXAUomVtahb9IQBwLzkqFYOrMJvWAvoV4yuxrJ8TlQBG8gyEnkb9SnhZvjg67w==",
      "dependencies": [
        "@aws-sdk/types",
        "@smithy/types",
        "tslib"
      ]
    },
    "@aws-sdk/middleware-recursion-detection@3.734.0": {
      "integrity": "sha512-CUat2d9ITsFc2XsmeiRQO96iWpxSKYFjxvj27Hc7vo87YUHRnfMfnc8jw1EpxEwMcvBD7LsRa6vDNky6AjcrFA==",
      "dependencies": [
        "@aws-sdk/types",
        "@smithy/protocol-http",
        "@smithy/types",
        "tslib"
      ]
    },
    "@aws-sdk/middleware-sdk-s3@3.740.0": {
      "integrity": "sha512-VML9TzNoQdAs5lSPQSEgZiPgMUSz2H7SltaLb9g4tHwKK5xQoTq5WcDd6V1d2aPxSN5Q2Q63aiVUBby6MdUN/Q==",
      "dependencies": [
        "@aws-sdk/core",
        "@aws-sdk/types",
        "@aws-sdk/util-arn-parser",
        "@smithy/core",
        "@smithy/node-config-provider",
        "@smithy/protocol-http",
        "@smithy/signature-v4",
        "@smithy/smithy-client",
        "@smithy/types",
        "@smithy/util-config-provider",
        "@smithy/util-middleware",
        "@smithy/util-stream",
        "@smithy/util-utf8@4.0.0",
        "tslib"
      ]
    },
    "@aws-sdk/middleware-ssec@3.734.0": {
      "integrity": "sha512-d4yd1RrPW/sspEXizq2NSOUivnheac6LPeLSLnaeTbBG9g1KqIqvCzP1TfXEqv2CrWfHEsWtJpX7oyjySSPvDQ==",
      "dependencies": [
        "@aws-sdk/types",
        "@smithy/types",
        "tslib"
      ]
    },
    "@aws-sdk/middleware-user-agent@3.734.0": {
      "integrity": "sha512-MFVzLWRkfFz02GqGPjqSOteLe5kPfElUrXZft1eElnqulqs6RJfVSpOV7mO90gu293tNAeggMWAVSGRPKIYVMg==",
      "dependencies": [
        "@aws-sdk/core",
        "@aws-sdk/types",
        "@aws-sdk/util-endpoints",
        "@smithy/core",
        "@smithy/protocol-http",
        "@smithy/types",
        "tslib"
      ]
    },
    "@aws-sdk/nested-clients@3.734.0": {
      "integrity": "sha512-iph2XUy8UzIfdJFWo1r0Zng9uWj3253yvW9gljhtu+y/LNmNvSnJxQk1f3D2BC5WmcoPZqTS3UsycT3mLPSzWA==",
      "dependencies": [
        "@aws-crypto/sha256-browser",
        "@aws-crypto/sha256-js",
        "@aws-sdk/core",
        "@aws-sdk/middleware-host-header",
        "@aws-sdk/middleware-logger",
        "@aws-sdk/middleware-recursion-detection",
        "@aws-sdk/middleware-user-agent",
        "@aws-sdk/region-config-resolver",
        "@aws-sdk/types",
        "@aws-sdk/util-endpoints",
        "@aws-sdk/util-user-agent-browser",
        "@aws-sdk/util-user-agent-node",
        "@smithy/config-resolver",
        "@smithy/core",
        "@smithy/fetch-http-handler",
        "@smithy/hash-node",
        "@smithy/invalid-dependency",
        "@smithy/middleware-content-length",
        "@smithy/middleware-endpoint",
        "@smithy/middleware-retry",
        "@smithy/middleware-serde",
        "@smithy/middleware-stack",
        "@smithy/node-config-provider",
        "@smithy/node-http-handler",
        "@smithy/protocol-http",
        "@smithy/smithy-client",
        "@smithy/types",
        "@smithy/url-parser",
        "@smithy/util-base64",
        "@smithy/util-body-length-browser",
        "@smithy/util-body-length-node",
        "@smithy/util-defaults-mode-browser",
        "@smithy/util-defaults-mode-node",
        "@smithy/util-endpoints",
        "@smithy/util-middleware",
        "@smithy/util-retry",
        "@smithy/util-utf8@4.0.0",
        "tslib"
      ]
    },
    "@aws-sdk/region-config-resolver@3.734.0": {
      "integrity": "sha512-Lvj1kPRC5IuJBr9DyJ9T9/plkh+EfKLy+12s/mykOy1JaKHDpvj+XGy2YO6YgYVOb8JFtaqloid+5COtje4JTQ==",
      "dependencies": [
        "@aws-sdk/types",
        "@smithy/node-config-provider",
        "@smithy/types",
        "@smithy/util-config-provider",
        "@smithy/util-middleware",
        "tslib"
      ]
    },
    "@aws-sdk/signature-v4-multi-region@3.740.0": {
      "integrity": "sha512-w+psidN3i+kl51nQEV3V+fKjKUqcEbqUA1GtubruDBvBqrl5El/fU2NF3Lo53y8CfI9wCdf3V7KOEpHIqxHNng==",
      "dependencies": [
        "@aws-sdk/middleware-sdk-s3",
        "@aws-sdk/types",
        "@smithy/protocol-http",
        "@smithy/signature-v4",
        "@smithy/types",
        "tslib"
      ]
    },
    "@aws-sdk/token-providers@3.734.0": {
      "integrity": "sha512-2U6yWKrjWjZO8Y5SHQxkFvMVWHQWbS0ufqfAIBROqmIZNubOL7jXCiVdEFekz6MZ9LF2tvYGnOW4jX8OKDGfIw==",
      "dependencies": [
        "@aws-sdk/nested-clients",
        "@aws-sdk/types",
        "@smithy/property-provider",
        "@smithy/shared-ini-file-loader",
        "@smithy/types",
        "tslib"
      ]
    },
    "@aws-sdk/types@3.734.0": {
      "integrity": "sha512-o11tSPTT70nAkGV1fN9wm/hAIiLPyWX6SuGf+9JyTp7S/rC2cFWhR26MvA69nplcjNaXVzB0f+QFrLXXjOqCrg==",
      "dependencies": [
        "@smithy/types",
        "tslib"
      ]
    },
    "@aws-sdk/util-arn-parser@3.723.0": {
      "integrity": "sha512-ZhEfvUwNliOQROcAk34WJWVYTlTa4694kSVhDSjW6lE1bMataPnIN8A0ycukEzBXmd8ZSoBcQLn6lKGl7XIJ5w==",
      "dependencies": [
        "tslib"
      ]
    },
    "@aws-sdk/util-endpoints@3.734.0": {
      "integrity": "sha512-w2+/E88NUbqql6uCVAsmMxDQKu7vsKV0KqhlQb0lL+RCq4zy07yXYptVNs13qrnuTfyX7uPXkXrlugvK9R1Ucg==",
      "dependencies": [
        "@aws-sdk/types",
        "@smithy/types",
        "@smithy/util-endpoints",
        "tslib"
      ]
    },
    "@aws-sdk/util-locate-window@3.723.0": {
      "integrity": "sha512-Yf2CS10BqK688DRsrKI/EO6B8ff5J86NXe4C+VCysK7UOgN0l1zOTeTukZ3H8Q9tYYX3oaF1961o8vRkFm7Nmw==",
      "dependencies": [
        "tslib"
      ]
    },
    "@aws-sdk/util-user-agent-browser@3.734.0": {
      "integrity": "sha512-xQTCus6Q9LwUuALW+S76OL0jcWtMOVu14q+GoLnWPUM7QeUw963oQcLhF7oq0CtaLLKyl4GOUfcwc773Zmwwng==",
      "dependencies": [
        "@aws-sdk/types",
        "@smithy/types",
        "bowser",
        "tslib"
      ]
    },
    "@aws-sdk/util-user-agent-node@3.734.0": {
      "integrity": "sha512-c6Iinh+RVQKs6jYUFQ64htOU2HUXFQ3TVx+8Tu3EDF19+9vzWi9UukhIMH9rqyyEXIAkk9XL7avt8y2Uyw2dGA==",
      "dependencies": [
        "@aws-sdk/middleware-user-agent",
        "@aws-sdk/types",
        "@smithy/node-config-provider",
        "@smithy/types",
        "tslib"
      ]
    },
    "@aws-sdk/xml-builder@3.734.0": {
      "integrity": "sha512-Zrjxi5qwGEcUsJ0ru7fRtW74WcTS0rbLcehoFB+rN1GRi2hbLcFaYs4PwVA5diLeAJH0gszv3x4Hr/S87MfbKQ==",
      "dependencies": [
        "@smithy/types",
        "tslib"
      ]
    },
    "@opentelemetry/api@1.9.0": {
      "integrity": "sha512-3giAOQvZiH5F9bMlMiv8+GSPMeqg0dbaeo58/0SlA9sxSqZhnUtxzX9/2FzyhS9sWQf5S0GJE0AKBrFqjpeYcg=="
    },
    "@smithy/abort-controller@4.0.1": {
      "integrity": "sha512-fiUIYgIgRjMWznk6iLJz35K2YxSLHzLBA/RC6lBrKfQ8fHbPfvk7Pk9UvpKoHgJjI18MnbPuEju53zcVy6KF1g==",
      "dependencies": [
        "@smithy/types",
        "tslib"
      ]
    },
    "@smithy/chunked-blob-reader-native@4.0.0": {
      "integrity": "sha512-R9wM2yPmfEMsUmlMlIgSzOyICs0x9uu7UTHoccMyt7BWw8shcGM8HqB355+BZCPBcySvbTYMs62EgEQkNxz2ig==",
      "dependencies": [
        "@smithy/util-base64",
        "tslib"
      ]
    },
    "@smithy/chunked-blob-reader@5.0.0": {
      "integrity": "sha512-+sKqDBQqb036hh4NPaUiEkYFkTUGYzRsn3EuFhyfQfMy6oGHEUJDurLP9Ufb5dasr/XiAmPNMr6wa9afjQB+Gw==",
      "dependencies": [
        "tslib"
      ]
    },
    "@smithy/config-resolver@4.0.1": {
      "integrity": "sha512-Igfg8lKu3dRVkTSEm98QpZUvKEOa71jDX4vKRcvJVyRc3UgN3j7vFMf0s7xLQhYmKa8kyJGQgUJDOV5V3neVlQ==",
      "dependencies": [
        "@smithy/node-config-provider",
        "@smithy/types",
        "@smithy/util-config-provider",
        "@smithy/util-middleware",
        "tslib"
      ]
    },
    "@smithy/core@3.1.2": {
      "integrity": "sha512-htwQXkbdF13uwwDevz9BEzL5ABK+1sJpVQXywwGSH973AVOvisHNfpcB8A8761G6XgHoS2kHPqc9DqHJ2gp+/Q==",
      "dependencies": [
        "@smithy/middleware-serde",
        "@smithy/protocol-http",
        "@smithy/types",
        "@smithy/util-body-length-browser",
        "@smithy/util-middleware",
        "@smithy/util-stream",
        "@smithy/util-utf8@4.0.0",
        "tslib"
      ]
    },
    "@smithy/credential-provider-imds@4.0.1": {
      "integrity": "sha512-l/qdInaDq1Zpznpmev/+52QomsJNZ3JkTl5yrTl02V6NBgJOQ4LY0SFw/8zsMwj3tLe8vqiIuwF6nxaEwgf6mg==",
      "dependencies": [
        "@smithy/node-config-provider",
        "@smithy/property-provider",
        "@smithy/types",
        "@smithy/url-parser",
        "tslib"
      ]
    },
    "@smithy/eventstream-codec@4.0.1": {
      "integrity": "sha512-Q2bCAAR6zXNVtJgifsU16ZjKGqdw/DyecKNgIgi7dlqw04fqDu0mnq+JmGphqheypVc64CYq3azSuCpAdFk2+A==",
      "dependencies": [
        "@aws-crypto/crc32",
        "@smithy/types",
        "@smithy/util-hex-encoding",
        "tslib"
      ]
    },
    "@smithy/eventstream-serde-browser@4.0.1": {
      "integrity": "sha512-HbIybmz5rhNg+zxKiyVAnvdM3vkzjE6ccrJ620iPL8IXcJEntd3hnBl+ktMwIy12Te/kyrSbUb8UCdnUT4QEdA==",
      "dependencies": [
        "@smithy/eventstream-serde-universal",
        "@smithy/types",
        "tslib"
      ]
    },
    "@smithy/eventstream-serde-config-resolver@4.0.1": {
      "integrity": "sha512-lSipaiq3rmHguHa3QFF4YcCM3VJOrY9oq2sow3qlhFY+nBSTF/nrO82MUQRPrxHQXA58J5G1UnU2WuJfi465BA==",
      "dependencies": [
        "@smithy/types",
        "tslib"
      ]
    },
    "@smithy/eventstream-serde-node@4.0.1": {
      "integrity": "sha512-o4CoOI6oYGYJ4zXo34U8X9szDe3oGjmHgsMGiZM0j4vtNoT+h80TLnkUcrLZR3+E6HIxqW+G+9WHAVfl0GXK0Q==",
      "dependencies": [
        "@smithy/eventstream-serde-universal",
        "@smithy/types",
        "tslib"
      ]
    },
    "@smithy/eventstream-serde-universal@4.0.1": {
      "integrity": "sha512-Z94uZp0tGJuxds3iEAZBqGU2QiaBHP4YytLUjwZWx+oUeohCsLyUm33yp4MMBmhkuPqSbQCXq5hDet6JGUgHWA==",
      "dependencies": [
        "@smithy/eventstream-codec",
        "@smithy/types",
        "tslib"
      ]
    },
    "@smithy/fetch-http-handler@5.0.1": {
      "integrity": "sha512-3aS+fP28urrMW2KTjb6z9iFow6jO8n3MFfineGbndvzGZit3taZhKWtTorf+Gp5RpFDDafeHlhfsGlDCXvUnJA==",
      "dependencies": [
        "@smithy/protocol-http",
        "@smithy/querystring-builder",
        "@smithy/types",
        "@smithy/util-base64",
        "tslib"
      ]
    },
    "@smithy/hash-blob-browser@4.0.1": {
      "integrity": "sha512-rkFIrQOKZGS6i1D3gKJ8skJ0RlXqDvb1IyAphksaFOMzkn3v3I1eJ8m7OkLj0jf1McP63rcCEoLlkAn/HjcTRw==",
      "dependencies": [
        "@smithy/chunked-blob-reader",
        "@smithy/chunked-blob-reader-native",
        "@smithy/types",
        "tslib"
      ]
    },
    "@smithy/hash-node@4.0.1": {
      "integrity": "sha512-TJ6oZS+3r2Xu4emVse1YPB3Dq3d8RkZDKcPr71Nj/lJsdAP1c7oFzYqEn1IBc915TsgLl2xIJNuxCz+gLbLE0w==",
      "dependencies": [
        "@smithy/types",
        "@smithy/util-buffer-from@4.0.0",
        "@smithy/util-utf8@4.0.0",
        "tslib"
      ]
    },
    "@smithy/hash-stream-node@4.0.1": {
      "integrity": "sha512-U1rAE1fxmReCIr6D2o/4ROqAQX+GffZpyMt3d7njtGDr2pUNmAKRWa49gsNVhCh2vVAuf3wXzWwNr2YN8PAXIw==",
      "dependencies": [
        "@smithy/types",
        "@smithy/util-utf8@4.0.0",
        "tslib"
      ]
    },
    "@smithy/invalid-dependency@4.0.1": {
      "integrity": "sha512-gdudFPf4QRQ5pzj7HEnu6FhKRi61BfH/Gk5Yf6O0KiSbr1LlVhgjThcvjdu658VE6Nve8vaIWB8/fodmS1rBPQ==",
      "dependencies": [
        "@smithy/types",
        "tslib"
      ]
    },
    "@smithy/is-array-buffer@2.2.0": {
      "integrity": "sha512-GGP3O9QFD24uGeAXYUjwSTXARoqpZykHadOmA8G5vfJPK0/DC67qa//0qvqrJzL1xc8WQWX7/yc7fwudjPHPhA==",
      "dependencies": [
        "tslib"
      ]
    },
    "@smithy/is-array-buffer@4.0.0": {
      "integrity": "sha512-saYhF8ZZNoJDTvJBEWgeBccCg+yvp1CX+ed12yORU3NilJScfc6gfch2oVb4QgxZrGUx3/ZJlb+c/dJbyupxlw==",
      "dependencies": [
        "tslib"
      ]
    },
    "@smithy/md5-js@4.0.1": {
      "integrity": "sha512-HLZ647L27APi6zXkZlzSFZIjpo8po45YiyjMGJZM3gyDY8n7dPGdmxIIljLm4gPt/7rRvutLTTkYJpZVfG5r+A==",
      "dependencies": [
        "@smithy/types",
        "@smithy/util-utf8@4.0.0",
        "tslib"
      ]
    },
    "@smithy/middleware-content-length@4.0.1": {
      "integrity": "sha512-OGXo7w5EkB5pPiac7KNzVtfCW2vKBTZNuCctn++TTSOMpe6RZO/n6WEC1AxJINn3+vWLKW49uad3lo/u0WJ9oQ==",
      "dependencies": [
        "@smithy/protocol-http",
        "@smithy/types",
        "tslib"
      ]
    },
    "@smithy/middleware-endpoint@4.0.3": {
      "integrity": "sha512-YdbmWhQF5kIxZjWqPIgboVfi8i5XgiYMM7GGKFMTvBei4XjNQfNv8sukT50ITvgnWKKKpOtp0C0h7qixLgb77Q==",
      "dependencies": [
        "@smithy/core",
        "@smithy/middleware-serde",
        "@smithy/node-config-provider",
        "@smithy/shared-ini-file-loader",
        "@smithy/types",
        "@smithy/url-parser",
        "@smithy/util-middleware",
        "tslib"
      ]
    },
    "@smithy/middleware-retry@4.0.4": {
      "integrity": "sha512-wmxyUBGHaYUqul0wZiset4M39SMtDBOtUr2KpDuftKNN74Do9Y36Go6Eqzj9tL0mIPpr31ulB5UUtxcsCeGXsQ==",
      "dependencies": [
        "@smithy/node-config-provider",
        "@smithy/protocol-http",
        "@smithy/service-error-classification",
        "@smithy/smithy-client",
        "@smithy/types",
        "@smithy/util-middleware",
        "@smithy/util-retry",
        "tslib",
        "uuid"
      ]
    },
    "@smithy/middleware-serde@4.0.2": {
      "integrity": "sha512-Sdr5lOagCn5tt+zKsaW+U2/iwr6bI9p08wOkCp6/eL6iMbgdtc2R5Ety66rf87PeohR0ExI84Txz9GYv5ou3iQ==",
      "dependencies": [
        "@smithy/types",
        "tslib"
      ]
    },
    "@smithy/middleware-stack@4.0.1": {
      "integrity": "sha512-dHwDmrtR/ln8UTHpaIavRSzeIk5+YZTBtLnKwDW3G2t6nAupCiQUvNzNoHBpik63fwUaJPtlnMzXbQrNFWssIA==",
      "dependencies": [
        "@smithy/types",
        "tslib"
      ]
    },
    "@smithy/node-config-provider@4.0.1": {
      "integrity": "sha512-8mRTjvCtVET8+rxvmzRNRR0hH2JjV0DFOmwXPrISmTIJEfnCBugpYYGAsCj8t41qd+RB5gbheSQ/6aKZCQvFLQ==",
      "dependencies": [
        "@smithy/property-provider",
        "@smithy/shared-ini-file-loader",
        "@smithy/types",
        "tslib"
      ]
    },
    "@smithy/node-http-handler@4.0.2": {
      "integrity": "sha512-X66H9aah9hisLLSnGuzRYba6vckuFtGE+a5DcHLliI/YlqKrGoxhisD5XbX44KyoeRzoNlGr94eTsMVHFAzPOw==",
      "dependencies": [
        "@smithy/abort-controller",
        "@smithy/protocol-http",
        "@smithy/querystring-builder",
        "@smithy/types",
        "tslib"
      ]
    },
    "@smithy/property-provider@4.0.1": {
      "integrity": "sha512-o+VRiwC2cgmk/WFV0jaETGOtX16VNPp2bSQEzu0whbReqE1BMqsP2ami2Vi3cbGVdKu1kq9gQkDAGKbt0WOHAQ==",
      "dependencies": [
        "@smithy/types",
        "tslib"
      ]
    },
    "@smithy/protocol-http@5.0.1": {
      "integrity": "sha512-TE4cpj49jJNB/oHyh/cRVEgNZaoPaxd4vteJNB0yGidOCVR0jCw/hjPVsT8Q8FRmj8Bd3bFZt8Dh7xGCT+xMBQ==",
      "dependencies": [
        "@smithy/types",
        "tslib"
      ]
    },
    "@smithy/querystring-builder@4.0.1": {
      "integrity": "sha512-wU87iWZoCbcqrwszsOewEIuq+SU2mSoBE2CcsLwE0I19m0B2gOJr1MVjxWcDQYOzHbR1xCk7AcOBbGFUYOKvdg==",
      "dependencies": [
        "@smithy/types",
        "@smithy/util-uri-escape",
        "tslib"
      ]
    },
    "@smithy/querystring-parser@4.0.1": {
      "integrity": "sha512-Ma2XC7VS9aV77+clSFylVUnPZRindhB7BbmYiNOdr+CHt/kZNJoPP0cd3QxCnCFyPXC4eybmyE98phEHkqZ5Jw==",
      "dependencies": [
        "@smithy/types",
        "tslib"
      ]
    },
    "@smithy/service-error-classification@4.0.1": {
      "integrity": "sha512-3JNjBfOWpj/mYfjXJHB4Txc/7E4LVq32bwzE7m28GN79+M1f76XHflUaSUkhOriprPDzev9cX/M+dEB80DNDKA==",
      "dependencies": [
        "@smithy/types"
      ]
    },
    "@smithy/shared-ini-file-loader@4.0.1": {
      "integrity": "sha512-hC8F6qTBbuHRI/uqDgqqi6J0R4GtEZcgrZPhFQnMhfJs3MnUTGSnR1NSJCJs5VWlMydu0kJz15M640fJlRsIOw==",
      "dependencies": [
        "@smithy/types",
        "tslib"
      ]
    },
    "@smithy/signature-v4@5.0.1": {
      "integrity": "sha512-nCe6fQ+ppm1bQuw5iKoeJ0MJfz2os7Ic3GBjOkLOPtavbD1ONoyE3ygjBfz2ythFWm4YnRm6OxW+8p/m9uCoIA==",
      "dependencies": [
        "@smithy/is-array-buffer@4.0.0",
        "@smithy/protocol-http",
        "@smithy/types",
        "@smithy/util-hex-encoding",
        "@smithy/util-middleware",
        "@smithy/util-uri-escape",
        "@smithy/util-utf8@4.0.0",
        "tslib"
      ]
    },
    "@smithy/smithy-client@4.1.3": {
      "integrity": "sha512-A2Hz85pu8BJJaYFdX8yb1yocqigyqBzn+OVaVgm+Kwi/DkN8vhN2kbDVEfADo6jXf5hPKquMLGA3UINA64UZ7A==",
      "dependencies": [
        "@smithy/core",
        "@smithy/middleware-endpoint",
        "@smithy/middleware-stack",
        "@smithy/protocol-http",
        "@smithy/types",
        "@smithy/util-stream",
        "tslib"
      ]
    },
    "@smithy/types@4.1.0": {
      "integrity": "sha512-enhjdwp4D7CXmwLtD6zbcDMbo6/T6WtuuKCY49Xxc6OMOmUWlBEBDREsxxgV2LIdeQPW756+f97GzcgAwp3iLw==",
      "dependencies": [
        "tslib"
      ]
    },
    "@smithy/url-parser@4.0.1": {
      "integrity": "sha512-gPXcIEUtw7VlK8f/QcruNXm7q+T5hhvGu9tl63LsJPZ27exB6dtNwvh2HIi0v7JcXJ5emBxB+CJxwaLEdJfA+g==",
      "dependencies": [
        "@smithy/querystring-parser",
        "@smithy/types",
        "tslib"
      ]
    },
    "@smithy/util-base64@4.0.0": {
      "integrity": "sha512-CvHfCmO2mchox9kjrtzoHkWHxjHZzaFojLc8quxXY7WAAMAg43nuxwv95tATVgQFNDwd4M9S1qFzj40Ul41Kmg==",
      "dependencies": [
        "@smithy/util-buffer-from@4.0.0",
        "@smithy/util-utf8@4.0.0",
        "tslib"
      ]
    },
    "@smithy/util-body-length-browser@4.0.0": {
      "integrity": "sha512-sNi3DL0/k64/LO3A256M+m3CDdG6V7WKWHdAiBBMUN8S3hK3aMPhwnPik2A/a2ONN+9doY9UxaLfgqsIRg69QA==",
      "dependencies": [
        "tslib"
      ]
    },
    "@smithy/util-body-length-node@4.0.0": {
      "integrity": "sha512-q0iDP3VsZzqJyje8xJWEJCNIu3lktUGVoSy1KB0UWym2CL1siV3artm+u1DFYTLejpsrdGyCSWBdGNjJzfDPjg==",
      "dependencies": [
        "tslib"
      ]
    },
    "@smithy/util-buffer-from@2.2.0": {
      "integrity": "sha512-IJdWBbTcMQ6DA0gdNhh/BwrLkDR+ADW5Kr1aZmd4k3DIF6ezMV4R2NIAmT08wQJ3yUK82thHWmC/TnK/wpMMIA==",
      "dependencies": [
        "@smithy/is-array-buffer@2.2.0",
        "tslib"
      ]
    },
    "@smithy/util-buffer-from@4.0.0": {
      "integrity": "sha512-9TOQ7781sZvddgO8nxueKi3+yGvkY35kotA0Y6BWRajAv8jjmigQ1sBwz0UX47pQMYXJPahSKEKYFgt+rXdcug==",
      "dependencies": [
        "@smithy/is-array-buffer@4.0.0",
        "tslib"
      ]
    },
    "@smithy/util-config-provider@4.0.0": {
      "integrity": "sha512-L1RBVzLyfE8OXH+1hsJ8p+acNUSirQnWQ6/EgpchV88G6zGBTDPdXiiExei6Z1wR2RxYvxY/XLw6AMNCCt8H3w==",
      "dependencies": [
        "tslib"
      ]
    },
    "@smithy/util-defaults-mode-browser@4.0.4": {
      "integrity": "sha512-Ej1bV5sbrIfH++KnWxjjzFNq9nyP3RIUq2c9Iqq7SmMO/idUR24sqvKH2LUQFTSPy/K7G4sB2m8n7YYlEAfZaw==",
      "dependencies": [
        "@smithy/property-provider",
        "@smithy/smithy-client",
        "@smithy/types",
        "bowser",
        "tslib"
      ]
    },
    "@smithy/util-defaults-mode-node@4.0.4": {
      "integrity": "sha512-HE1I7gxa6yP7ZgXPCFfZSDmVmMtY7SHqzFF55gM/GPegzZKaQWZZ+nYn9C2Cc3JltCMyWe63VPR3tSFDEvuGjw==",
      "dependencies": [
        "@smithy/config-resolver",
        "@smithy/credential-provider-imds",
        "@smithy/node-config-provider",
        "@smithy/property-provider",
        "@smithy/smithy-client",
        "@smithy/types",
        "tslib"
      ]
    },
    "@smithy/util-endpoints@3.0.1": {
      "integrity": "sha512-zVdUENQpdtn9jbpD9SCFK4+aSiavRb9BxEtw9ZGUR1TYo6bBHbIoi7VkrFQ0/RwZlzx0wRBaRmPclj8iAoJCLA==",
      "dependencies": [
        "@smithy/node-config-provider",
        "@smithy/types",
        "tslib"
      ]
    },
    "@smithy/util-hex-encoding@4.0.0": {
      "integrity": "sha512-Yk5mLhHtfIgW2W2WQZWSg5kuMZCVbvhFmC7rV4IO2QqnZdbEFPmQnCcGMAX2z/8Qj3B9hYYNjZOhWym+RwhePw==",
      "dependencies": [
        "tslib"
      ]
    },
    "@smithy/util-middleware@4.0.1": {
      "integrity": "sha512-HiLAvlcqhbzhuiOa0Lyct5IIlyIz0PQO5dnMlmQ/ubYM46dPInB+3yQGkfxsk6Q24Y0n3/JmcA1v5iEhmOF5mA==",
      "dependencies": [
        "@smithy/types",
        "tslib"
      ]
    },
    "@smithy/util-retry@4.0.1": {
      "integrity": "sha512-WmRHqNVwn3kI3rKk1LsKcVgPBG6iLTBGC1iYOV3GQegwJ3E8yjzHytPt26VNzOWr1qu0xE03nK0Ug8S7T7oufw==",
      "dependencies": [
        "@smithy/service-error-classification",
        "@smithy/types",
        "tslib"
      ]
    },
    "@smithy/util-stream@4.0.2": {
      "integrity": "sha512-0eZ4G5fRzIoewtHtwaYyl8g2C+osYOT4KClXgfdNEDAgkbe2TYPqcnw4GAWabqkZCax2ihRGPe9LZnsPdIUIHA==",
      "dependencies": [
        "@smithy/fetch-http-handler",
        "@smithy/node-http-handler",
        "@smithy/types",
        "@smithy/util-base64",
        "@smithy/util-buffer-from@4.0.0",
        "@smithy/util-hex-encoding",
        "@smithy/util-utf8@4.0.0",
        "tslib"
      ]
    },
    "@smithy/util-uri-escape@4.0.0": {
      "integrity": "sha512-77yfbCbQMtgtTylO9itEAdpPXSog3ZxMe09AEhm0dU0NLTalV70ghDZFR+Nfi1C60jnJoh/Re4090/DuZh2Omg==",
      "dependencies": [
        "tslib"
      ]
    },
    "@smithy/util-utf8@2.3.0": {
      "integrity": "sha512-R8Rdn8Hy72KKcebgLiv8jQcQkXoLMOGGv5uI1/k0l+snqkOzQ1R0ChUBCxWMlBsFMekWjq0wRudIweFs7sKT5A==",
      "dependencies": [
        "@smithy/util-buffer-from@2.2.0",
        "tslib"
      ]
    },
    "@smithy/util-utf8@4.0.0": {
      "integrity": "sha512-b+zebfKCfRdgNJDknHCob3O7FpeYQN6ZG6YLExMcasDHsCXlsXCEuiPZeLnJLpwa5dvPetGlnGCiMHuLwGvFow==",
      "dependencies": [
        "@smithy/util-buffer-from@4.0.0",
        "tslib"
      ]
    },
    "@smithy/util-waiter@4.0.2": {
      "integrity": "sha512-piUTHyp2Axx3p/kc2CIJkYSv0BAaheBQmbACZgQSSfWUumWNW+R1lL+H9PDBxKJkvOeEX+hKYEFiwO8xagL8AQ==",
      "dependencies": [
        "@smithy/abort-controller",
        "@smithy/types",
        "tslib"
      ]
    },
    "argparse@2.0.1": {
      "integrity": "sha512-8+9WqebbFzpX9OR+Wa6O29asIogeRMzcGtAINdpMHHyAg10f05aSFVBbcEqGf/PXw1EjAZ+q2/bEBg3DvurK3Q=="
    },
    "bintrees@1.0.2": {
      "integrity": "sha512-VOMgTMwjAaUG580SXn3LacVgjurrbMme7ZZNYGSSV7mmtY6QQRh0Eg3pwIcntQ77DErK1L0NxkbetjcoXzVwKw=="
    },
    "bowser@2.11.0": {
      "integrity": "sha512-AlcaJBi/pqqJBIQ8U9Mcpc9i8Aqxn88Skv5d+xBX006BY5u8N3mGLHa5Lgppa7L/HfwgwLgZ6NYs+Ag6uUmJRA=="
    },
    "fast-xml-parser@4.4.1": {
      "integrity": "sha512-xkjOecfnKGkSsOwtZ5Pz7Us/T6mrbPQrq0nh+aCO5V9nk5NLWmasAHumTKjiPJPWANe+kAZ84Jc8ooJkzZ88Sw==",
      "dependencies": [
        "strnum"
      ]
    },
    "js-yaml@4.1.0": {
      "integrity": "sha512-wpxZs9NoxZaJESJGIZTyDEaYpl0FKSA+FB9aJiyemKhMwkxQg63h4T1KJgUGHpTqPDNRcmmYLugrRjJlBtWvRA==",
      "dependencies": [
        "argparse"
      ]
    },
    "postgres@3.4.5": {
      "integrity": "sha512-cDWgoah1Gez9rN3H4165peY9qfpEo+SA61oQv65O3cRUE1pOEoJWwddwcqKE8XZYjbblOJlYDlLV4h67HrEVDg=="
    },
    "prom-client@15.1.3": {
      "integrity": "sha512-6ZiOBfCywsD4k1BN9IX0uZhF+tJkV8q8llP64G5Hajs4JOeVLPCwpPVcpXy3BwYiUGgyJzsJJQeOIv7+hDSq8g==",
      "dependencies": [
        "@opentelemetry/api",
        "tdigest"
      ]
    },
    "strnum@1.0.5": {
      "integrity": "sha512-J8bbNyKKXl5qYcR36TIO8W3mVGVHrmmxsd5PAItGkmyzwJvybiw2IVq5nqd0i4LSNSkB/sx9VHllbfFdr9k1JA=="
    },
    "tdigest@0.1.2": {
      "integrity": "sha512-+G0LLgjjo9BZX2MfdvPfH+MKLCrxlXSYec5DaPYP1fe6Iyhf0/fSmJ0bFiZ1F8BT6cGXl2LpltQptzjXKWEkKA==",
      "dependencies": [
        "bintrees"
      ]
    },
    "tslib@2.8.1": {
      "integrity": "sha512-oJFu94HQb+KVduSUQL7wnpmqnfmLsOA/nAh6b6EH0wCEoK0/mPeXU6c3wKDV83MkOuHPRHtSXKKU99IBazS/2w=="
    },
    "uuid@9.0.1": {
      "integrity": "sha512-b+1eJOlsR9K8HJpow9Ok3fiWOWSIcIzXodvv0rQjVoOVNpWMpxf1wZNpt4y9h10odCNrqnYp1OBzRktckBe3sA=="
    }
  },
  "workspace": {
    "dependencies": [
      "jsr:@std/assert@1",
      "npm:js-yaml@^4.1.0",
      "npm:postgres@^3.4.5",
      "npm:prom-client@^15.1.3"
    ]
  }
}
